<?xml version="1.0" encoding="UTF-8" standalone="yes" ?>
<CodeBlocks_project_file>
	<FileVersion major="1" minor="6" />
	<Project>
		<Option title="peach_inv" />
		<Option pch_mode="2" />
		<Option compiler="gcc" />
		<Build>
			<Target title="Debug">
				<Option output="bin/Debug/peach_inv" prefix_auto="1" extension_auto="1" />
				<Option object_output="obj/Debug/" />
				<Option type="1" />
				<Option compiler="gcc" />
				<Compiler>
					<Add option="-g" />
					<Add directory="C:/MinGW/allegro-5.0.10-mingw-4.5.0/include" />
				</Compiler>
				<Linker>
					<Add option="-static-libstdc++" />
					<Add library="/usr/lib/liballegro.so" />
					<Add library="/usr/lib/liballegro_acodec.so" />
					<Add library="/usr/lib/liballegro_audio.so" />
					<Add library="/usr/lib/liballegro_color.so" />
					<Add library="/usr/lib/liballegro_dialog.so" />
					<Add library="/usr/lib/liballegro_font.so" />
					<Add library="/usr/lib/liballegro_image.so" />
					<Add library="/usr/lib/liballegro_main.so" />
					<Add library="/usr/lib/liballegro_memfile.so" />
					<Add library="/usr/lib/liballegro_physfs.so" />
					<Add library="/usr/lib/liballegro_primitives.so" />
					<Add library="/usr/lib/liballegro_ttf.so" />
				</Linker>
			</Target>
			<Target title="Release">
				<Option output="bin/Release/peach_inv" prefix_auto="1" extension_auto="1" />
				<Option object_output="obj/Release/" />
				<Option type="1" />
				<Option compiler="gcc" />
				<Compiler>
					<Add option="-O2" />
				</Compiler>
				<Linker>
					<Add option="-s" />
				</Linker>
			</Target>
		</Build>
		<Compiler>
			<Add option="-Wall" />
			<Add option="-fexceptions" />
		</Compiler>
		<Unit filename="coins.cpp" />
		<Unit filename="coins.h" />
		<Unit filename="enemy.cpp" />
		<Unit filename="enermy.h" />
		<Unit filename="fonts/Starfish.ttf" />
		<Unit filename="highscores.txt" />
		<Unit filename="img/enemigo.png" />
		<Unit filename="img/enemigo2.png" />
		<Unit filename="img/final_pic.png" />
		<Unit filename="img/galaxy.jpg" />
		<Unit filename="img/horn.png" />
		<Unit filename="img/init_img.png" />
		<Unit filename="img/peach.png" />
		<Unit filename="img/pony_vida_0.png" />
		<Unit filename="img/pony_vida_1.png" />
		<Unit filename="img/pony_vida_2.png" />
		<Unit filename="img/pony_vida_3.png" />
		<Unit filename="img/pony_vida_4.png" />
		<Unit filename="img/pony_vida_5.png" />
		<Unit filename="img/weapon_enemy.png" />
		<Unit filename="inicia.cpp" />
		<Unit filename="main.cpp" />
		<Unit filename="sounds/game_over.wav" />
		<Unit filename="super_peach.cpp" />
		<Unit filename="super_peach.h" />
		<Unit filename="weapon.cpp" />
		<Unit filename="weapon.h" />
		<Extensions>
			<code_completion />
			<debugger />
			<envvars />
		</Extensions>
	</Project>
</CodeBlocks_project_file>
